Microsoft Visual Studio Solution File, Format Version 11.00
# Visual Studio 2008

Project("{C94754A2-5451-EBF0-FB2A-50BF5805F62A}") = "ECU-Mod Asset Bundle", "Assembly-CSharp-vs.csproj", "{DBCDA7A5-B4EC-A64F-D907-35A6B4F3DB63}"
EndProject
Project("{C94754A2-5451-EBF0-FB2A-50BF5805F62A}") = "ECU-Mod Asset Bundle", "Assembly-CSharp-Editor-vs.csproj", "{2CECE217-414B-D859-7922-2A5DAC720EB5}"
EndProject
Global
	GlobalSection(SolutionConfigurationPlatforms) = preSolution
		Debug|Any CPU = Debug|Any CPU
		Release|Any CPU = Release|Any CPU
	EndGlobalSection
	GlobalSection(ProjectConfigurationPlatforms) = postSolution
		{DBCDA7A5-B4EC-A64F-D907-35A6B4F3DB63}.Debug|Any CPU.ActiveCfg = Debug|Any CPU
		{DBCDA7A5-B4EC-A64F-D907-35A6B4F3DB63}.Debug|Any CPU.Build.0 = Debug|Any CPU
		{DBCDA7A5-B4EC-A64F-D907-35A6B4F3DB63}.Release|Any CPU.ActiveCfg = Release|Any CPU
		{DBCDA7A5-B4EC-A64F-D907-35A6B4F3DB63}.Release|Any CPU.Build.0 = Release|Any CPU
		{2CECE217-414B-D859-7922-2A5DAC720EB5}.Debug|Any CPU.ActiveCfg = Debug|Any CPU
		{2CECE217-414B-D859-7922-2A5DAC720EB5}.Debug|Any CPU.Build.0 = Debug|Any CPU
		{2CECE217-414B-D859-7922-2A5DAC720EB5}.Release|Any CPU.ActiveCfg = Release|Any CPU
		{2CECE217-414B-D859-7922-2A5DAC720EB5}.Release|Any CPU.Build.0 = Release|Any CPU
	EndGlobalSection
	GlobalSection(SolutionProperties) = preSolution
		HideSolutionNode = FALSE
	EndGlobalSection
																																																																																					GlobalSection(MonoDevelopProperties) = preSolution
		StartupItem = Assembly-CSharp.csproj
		Policies = $0
		$0.TextStylePolicy = $1
		$1.inheritsSet = null
		$1.scope = text/x-csharp
		$0.CSharpFormattingPolicy = $2
		$2.inheritsSet = Mono
		$2.inheritsScope = text/x-csharp
		$2.scope = text/x-csharp
		$0.TextStylePolicy = $3
		$3.FileWidth = 120
		$3.TabWidth = 4
		$3.IndentWidth = 4
		$3.EolMarker = Unix
		$3.inheritsSet = Mono
		$3.inheritsScope = text/plain
		$3.scope = text/plain
	EndGlobalSection

EndGlobal
